{
  "version": 4,
  "terraform_version": "0.12.21",
  "serial": 969,
  "lineage": "1a486b7a-42cb-10b0-0511-5218f3252564",
  "outputs": {
    "eks_cluster_certificate_authority": {
      "value": [
        {
          "data": "LS0tLS1CRUdJTiBDRVJUSUZJQ0FURS0tLS0tCk1JSUN5RENDQWJDZ0F3SUJBZ0lCQURBTkJna3Foa2lHOXcwQkFRc0ZBREFWTVJNd0VRWURWUVFERXdwcmRXSmwKY201bGRHVnpNQjRYRFRJeE1ETXdNVEUyTWpVd05Wb1hEVE14TURJeU56RTJNalV3TlZvd0ZURVRNQkVHQTFVRQpBeE1LYTNWaVpYSnVaWFJsY3pDQ0FTSXdEUVlKS29aSWh2Y05BUUVCQlFBRGdnRVBBRENDQVFvQ2dnRUJBS0NhCjBGRSt3MFBjRWgwTHduWUQvTTNCMEFZelA1enpBY1NxWmNOM0E4ZHN3SW15d0d6Mk1NUTIxNWdQcWJUdUloNW4KNGFIZ3RRYno2ZUVHK0dMbmtiSjJjbjJRaTdIYzVJdVFGZkVQM1dvWVptdDRpaVhGcDdDQXRkR3BMczM4cFZrUwphM1dIb3EvSUFha0t5c3oxdUd5SFlqM0R4akhzb2JRMERBMHVBLzdkZ0ZIaWVLdjlRd1VQSFpUNjZkVlpLYWozCnpta3pJVXl2bWFnS2ttbWNPMW55S3JFMFBwQTVMTm5CV09oSkswaHh4Wi9LZjVlaVEwWTRENDA0MHYvNk1za1MKb1d3NEpGM2JvRmJBT04xYWhuSHNQdVJHL2NZYllkcHNvWkx2VGhyZk5sNFJpSGFFdVdVWjZhZkZlQy91UGlBMApncVlWNUpxaFdEd1d1OHdBcEtNQ0F3RUFBYU1qTUNFd0RnWURWUjBQQVFIL0JBUURBZ0trTUE4R0ExVWRFd0VCCi93UUZNQU1CQWY4d0RRWUpLb1pJaHZjTkFRRUxCUUFEZ2dFQkFDeG1rUWxWek1WSXlOU1VlNzZXRmlvK2wzS3kKT2JKempTclQxUnJYMlh0WXVjWDJXalNLSHJWTFhnRFlaSENsQTU5bDd0c3JKMFgyZGtwS2F2RW8wVExLdVJZcApKNThuQ1BFWDM1Nkt3M0p2RngzT3gvbkNzQ2hzR3N6aWxyQ2pobHl3VE1BVzloaWo3VkhCc2w4MVRVSTVZelV2CndyRytuVmlnd0FVTWZob2kwSS8yT3BKRVJJZUNtUGtjMkpkWEFHSjdaSjNxOFhHT0RjTHFuZ3FTUHUvNTUvdkUKTUhBQUNvUWxEMWlSWS9QbmRhM01Gc2FENENlTlAyYmsySmFpbUtNUWF0ZGlmRFV0T2pGVDRLR0F5SjIxbGx3MwpHYkc5OWhVYXpVaVR6dEZsVkpWdWwxcWd1S2JuT05PRHArdnpYMmdCVEdUVHZGaExQbWhFWmU1Q1dwUT0KLS0tLS1FTkQgQ0VSVElGSUNBVEUtLS0tLQo="
        }
      ],
      "type": [
        "list",
        [
          "object",
          {
            "data": "string"
          }
        ]
      ]
    },
    "eks_cluster_endpoint": {
      "value": "https://BD26E5B2197F9ED316AD8D72155B12EC.gr7.eu-central-1.eks.amazonaws.com",
      "type": "string"
    },
    "instance1": {
      "value": [
        "3.120.209.222",
        "i-0a1b7285b676b60a9"
      ],
      "type": [
        "tuple",
        [
          "string",
          "string"
        ]
      ]
    },
    "instance2": {
      "value": [
        "18.198.24.177",
        "i-02d1a94220c416ef4"
      ],
      "type": [
        "tuple",
        [
          "string",
          "string"
        ]
      ]
    },
    "lbURL": {
      "value": "LoadBalancer-557910684.eu-central-1.elb.amazonaws.com",
      "type": "string"
    }
  },
  "resources": [
    {
      "mode": "managed",
      "type": "aws_alb_listener",
      "name": "Listener",
      "provider": "provider.aws",
      "instances": [
        {
          "schema_version": 0,
          "attributes": {
            "arn": "arn:aws:elasticloadbalancing:eu-central-1:210416437462:listener/app/LoadBalancer/3d98d32edaf13af8/a4ee94f5496ee9e3",
            "certificate_arn": null,
            "default_action": [
              {
                "authenticate_cognito": [],
                "authenticate_oidc": [],
                "fixed_response": [],
                "forward": [],
                "order": 1,
                "redirect": [],
                "target_group_arn": "arn:aws:elasticloadbalancing:eu-central-1:210416437462:targetgroup/TG/a66b41a6420a9421",
                "type": "forward"
              }
            ],
            "id": "arn:aws:elasticloadbalancing:eu-central-1:210416437462:listener/app/LoadBalancer/3d98d32edaf13af8/a4ee94f5496ee9e3",
            "load_balancer_arn": "arn:aws:elasticloadbalancing:eu-central-1:210416437462:loadbalancer/app/LoadBalancer/3d98d32edaf13af8",
            "port": 80,
            "protocol": "HTTP",
            "ssl_policy": "",
            "timeouts": null
          },
          "private": "eyJlMmJmYjczMC1lY2FhLTExZTYtOGY4OC0zNDM2M2JjN2M0YzAiOnsicmVhZCI6NjAwMDAwMDAwMDAwfX0=",
          "dependencies": [
            "aws_alb_target_group.Target",
            "aws_lb.LoadBalancer",
            "aws_security_group.demo_sg",
            "aws_subnet.demo_subnet",
            "aws_subnet.demo_subnet2",
            "aws_vpc.demonet"
          ]
        }
      ]
    },
    {
      "mode": "managed",
      "type": "aws_alb_target_group",
      "name": "Target",
      "provider": "provider.aws",
      "instances": [
        {
          "schema_version": 0,
          "attributes": {
            "arn": "arn:aws:elasticloadbalancing:eu-central-1:210416437462:targetgroup/TG/a66b41a6420a9421",
            "arn_suffix": "targetgroup/TG/a66b41a6420a9421",
            "deregistration_delay": 300,
            "health_check": [
              {
                "enabled": true,
                "healthy_threshold": 5,
                "interval": 30,
                "matcher": "200",
                "path": "/",
                "port": "traffic-port",
                "protocol": "HTTP",
                "timeout": 5,
                "unhealthy_threshold": 2
              }
            ],
            "id": "arn:aws:elasticloadbalancing:eu-central-1:210416437462:targetgroup/TG/a66b41a6420a9421",
            "lambda_multi_value_headers_enabled": false,
            "load_balancing_algorithm_type": "round_robin",
            "name": "TG",
            "name_prefix": null,
            "port": 80,
            "protocol": "HTTP",
            "protocol_version": "HTTP1",
            "proxy_protocol_v2": false,
            "slow_start": 0,
            "stickiness": [
              {
                "cookie_duration": 86400,
                "enabled": false,
                "type": "lb_cookie"
              }
            ],
            "tags": null,
            "target_type": "instance",
            "vpc_id": "vpc-09de9e4d48f8c5a85"
          },
          "private": "bnVsbA==",
          "dependencies": [
            "aws_vpc.demonet"
          ]
        }
      ]
    },
    {
      "mode": "managed",
      "type": "aws_alb_target_group_attachment",
      "name": "Instances_Alb",
      "provider": "provider.aws",
      "instances": [
        {
          "schema_version": 0,
          "attributes": {
            "availability_zone": null,
            "id": "arn:aws:elasticloadbalancing:eu-central-1:210416437462:targetgroup/TG/a66b41a6420a9421-20210301161351738600000008",
            "port": null,
            "target_group_arn": "arn:aws:elasticloadbalancing:eu-central-1:210416437462:targetgroup/TG/a66b41a6420a9421",
            "target_id": "i-02d1a94220c416ef4"
          },
          "private": "bnVsbA==",
          "dependencies": [
            "aws_alb_target_group.Target",
            "aws_instance.demo-instance2",
            "aws_key_pair.demo_key",
            "aws_security_group.demo_sg",
            "aws_subnet.demo_subnet",
            "aws_vpc.demonet"
          ]
        }
      ]
    },
    {
      "mode": "managed",
      "type": "aws_alb_target_group_attachment",
      "name": "Instances_Alb2",
      "provider": "provider.aws",
      "instances": [
        {
          "schema_version": 0,
          "attributes": {
            "availability_zone": null,
            "id": "arn:aws:elasticloadbalancing:eu-central-1:210416437462:targetgroup/TG/a66b41a6420a9421-20210301161402640500000009",
            "port": null,
            "target_group_arn": "arn:aws:elasticloadbalancing:eu-central-1:210416437462:targetgroup/TG/a66b41a6420a9421",
            "target_id": "i-0a1b7285b676b60a9"
          },
          "private": "bnVsbA==",
          "dependencies": [
            "aws_alb_target_group.Target",
            "aws_instance.demo-instance1",
            "aws_key_pair.demo_key",
            "aws_security_group.demo_sg",
            "aws_subnet.demo_subnet",
            "aws_vpc.demonet"
          ]
        }
      ]
    },
    {
      "mode": "managed",
      "type": "aws_eks_cluster",
      "name": "EKSDemo",
      "provider": "provider.aws",
      "instances": [
        {
          "schema_version": 0,
          "attributes": {
            "arn": "arn:aws:eks:eu-central-1:210416437462:cluster/DemoCluster",
            "certificate_authority": [
              {
                "data": "LS0tLS1CRUdJTiBDRVJUSUZJQ0FURS0tLS0tCk1JSUN5RENDQWJDZ0F3SUJBZ0lCQURBTkJna3Foa2lHOXcwQkFRc0ZBREFWTVJNd0VRWURWUVFERXdwcmRXSmwKY201bGRHVnpNQjRYRFRJeE1ETXdNVEUyTWpVd05Wb1hEVE14TURJeU56RTJNalV3TlZvd0ZURVRNQkVHQTFVRQpBeE1LYTNWaVpYSnVaWFJsY3pDQ0FTSXdEUVlKS29aSWh2Y05BUUVCQlFBRGdnRVBBRENDQVFvQ2dnRUJBS0NhCjBGRSt3MFBjRWgwTHduWUQvTTNCMEFZelA1enpBY1NxWmNOM0E4ZHN3SW15d0d6Mk1NUTIxNWdQcWJUdUloNW4KNGFIZ3RRYno2ZUVHK0dMbmtiSjJjbjJRaTdIYzVJdVFGZkVQM1dvWVptdDRpaVhGcDdDQXRkR3BMczM4cFZrUwphM1dIb3EvSUFha0t5c3oxdUd5SFlqM0R4akhzb2JRMERBMHVBLzdkZ0ZIaWVLdjlRd1VQSFpUNjZkVlpLYWozCnpta3pJVXl2bWFnS2ttbWNPMW55S3JFMFBwQTVMTm5CV09oSkswaHh4Wi9LZjVlaVEwWTRENDA0MHYvNk1za1MKb1d3NEpGM2JvRmJBT04xYWhuSHNQdVJHL2NZYllkcHNvWkx2VGhyZk5sNFJpSGFFdVdVWjZhZkZlQy91UGlBMApncVlWNUpxaFdEd1d1OHdBcEtNQ0F3RUFBYU1qTUNFd0RnWURWUjBQQVFIL0JBUURBZ0trTUE4R0ExVWRFd0VCCi93UUZNQU1CQWY4d0RRWUpLb1pJaHZjTkFRRUxCUUFEZ2dFQkFDeG1rUWxWek1WSXlOU1VlNzZXRmlvK2wzS3kKT2JKempTclQxUnJYMlh0WXVjWDJXalNLSHJWTFhnRFlaSENsQTU5bDd0c3JKMFgyZGtwS2F2RW8wVExLdVJZcApKNThuQ1BFWDM1Nkt3M0p2RngzT3gvbkNzQ2hzR3N6aWxyQ2pobHl3VE1BVzloaWo3VkhCc2w4MVRVSTVZelV2CndyRytuVmlnd0FVTWZob2kwSS8yT3BKRVJJZUNtUGtjMkpkWEFHSjdaSjNxOFhHT0RjTHFuZ3FTUHUvNTUvdkUKTUhBQUNvUWxEMWlSWS9QbmRhM01Gc2FENENlTlAyYmsySmFpbUtNUWF0ZGlmRFV0T2pGVDRLR0F5SjIxbGx3MwpHYkc5OWhVYXpVaVR6dEZsVkpWdWwxcWd1S2JuT05PRHArdnpYMmdCVEdUVHZGaExQbWhFWmU1Q1dwUT0KLS0tLS1FTkQgQ0VSVElGSUNBVEUtLS0tLQo="
              }
            ],
            "created_at": "2021-03-01 16:15:42.111 +0000 UTC",
            "enabled_cluster_log_types": null,
            "encryption_config": [],
            "endpoint": "https://BD26E5B2197F9ED316AD8D72155B12EC.gr7.eu-central-1.eks.amazonaws.com",
            "id": "DemoCluster",
            "identity": [
              {
                "oidc": [
                  {
                    "issuer": "https://oidc.eks.eu-central-1.amazonaws.com/id/BD26E5B2197F9ED316AD8D72155B12EC"
                  }
                ]
              }
            ],
            "kubernetes_network_config": [
              {
                "service_ipv4_cidr": "10.100.0.0/16"
              }
            ],
            "name": "DemoCluster",
            "platform_version": "eks.3",
            "role_arn": "arn:aws:iam::210416437462:role/terraform-20210301161300001700000001",
            "status": "ACTIVE",
            "tags": null,
            "timeouts": null,
            "version": "1.18",
            "vpc_config": [
              {
                "cluster_security_group_id": "sg-05c18801ea409f6f4",
                "endpoint_private_access": false,
                "endpoint_public_access": true,
                "public_access_cidrs": [
                  "0.0.0.0/0"
                ],
                "security_group_ids": null,
                "subnet_ids": [
                  "subnet-0c175ad5cfb1994cd",
                  "subnet-0c9c31269abf880bc"
                ],
                "vpc_id": "vpc-09de9e4d48f8c5a85"
              }
            ]
          },
          "private": "eyJlMmJmYjczMC1lY2FhLTExZTYtOGY4OC0zNDM2M2JjN2M0YzAiOnsiY3JlYXRlIjoxODAwMDAwMDAwMDAwLCJkZWxldGUiOjkwMDAwMDAwMDAwMCwidXBkYXRlIjozNjAwMDAwMDAwMDAwfX0=",
          "dependencies": [
            "aws_alb_listener.Listener",
            "aws_alb_target_group.Target",
            "aws_iam_role.EKSRole",
            "aws_iam_role_policy_attachment.AmazonEKSClusterPolicy",
            "aws_iam_role_policy_attachment.AmazonEKSService",
            "aws_lb.LoadBalancer",
            "aws_security_group.demo_sg",
            "aws_subnet.demo_subnet",
            "aws_subnet.demo_subnet2",
            "aws_vpc.demonet"
          ]
        }
      ]
    },
    {
      "mode": "managed",
      "type": "aws_eks_node_group",
      "name": "eksnode",
      "provider": "provider.aws",
      "instances": [
        {
          "schema_version": 0,
          "attributes": {
            "ami_type": "AL2_x86_64",
            "arn": "arn:aws:eks:eu-central-1:210416437462:nodegroup/DemoCluster/eksnode/9ebbf74f-cdf8-cee8-3b7d-3b8af1dc3641",
            "capacity_type": "ON_DEMAND",
            "cluster_name": "DemoCluster",
            "disk_size": 20,
            "force_update_version": null,
            "id": "DemoCluster:eksnode",
            "instance_types": [
              "t2.micro"
            ],
            "labels": null,
            "launch_template": [],
            "node_group_name": "eksnode",
            "node_role_arn": "arn:aws:iam::210416437462:role/terraform-20210301161300001700000001",
            "release_version": "1.18.9-20210208",
            "remote_access": [],
            "resources": [
              {
                "autoscaling_groups": [
                  {
                    "name": "eks-9ebbf74f-cdf8-cee8-3b7d-3b8af1dc3641"
                  }
                ],
                "remote_access_security_group_id": ""
              }
            ],
            "scaling_config": [
              {
                "desired_size": 2,
                "max_size": 2,
                "min_size": 2
              }
            ],
            "status": "ACTIVE",
            "subnet_ids": [
              "subnet-0c175ad5cfb1994cd",
              "subnet-0c9c31269abf880bc"
            ],
            "tags": null,
            "timeouts": null,
            "version": "1.18"
          },
          "private": "eyJlMmJmYjczMC1lY2FhLTExZTYtOGY4OC0zNDM2M2JjN2M0YzAiOnsiY3JlYXRlIjozNjAwMDAwMDAwMDAwLCJkZWxldGUiOjM2MDAwMDAwMDAwMDAsInVwZGF0ZSI6MzYwMDAwMDAwMDAwMH19",
          "dependencies": [
            "aws_alb_listener.Listener",
            "aws_alb_target_group.Target",
            "aws_eks_cluster.EKSDemo",
            "aws_iam_role.EKSRole",
            "aws_iam_role_policy_attachment.AmazonEC2ContainerRegistryReadOnly",
            "aws_iam_role_policy_attachment.AmazonEKSClusterPolicy",
            "aws_iam_role_policy_attachment.AmazonEKSService",
            "aws_lb.LoadBalancer",
            "aws_security_group.demo_sg",
            "aws_subnet.demo_subnet",
            "aws_subnet.demo_subnet2",
            "aws_vpc.demonet"
          ]
        }
      ]
    },
    {
      "mode": "managed",
      "type": "aws_iam_role",
      "name": "EKSRole",
      "provider": "provider.aws",
      "instances": [
        {
          "schema_version": 0,
          "attributes": {
            "arn": "arn:aws:iam::210416437462:role/terraform-20210301161300001700000001",
            "assume_role_policy": "{\"Version\":\"2012-10-17\",\"Statement\":[{\"Effect\":\"Allow\",\"Principal\":{\"Service\":[\"eks.amazonaws.com\",\"ec2.amazonaws.com\"]},\"Action\":\"sts:AssumeRole\"}]}",
            "create_date": "2021-03-01T16:13:05Z",
            "description": "",
            "force_detach_policies": false,
            "id": "terraform-20210301161300001700000001",
            "inline_policy": [
              {
                "name": "",
                "policy": ""
              }
            ],
            "managed_policy_arns": [],
            "max_session_duration": 3600,
            "name": "terraform-20210301161300001700000001",
            "name_prefix": null,
            "path": "/",
            "permissions_boundary": null,
            "tags": null,
            "unique_id": "AROATB7OMBDLBMY66HDMM"
          },
          "private": "bnVsbA=="
        }
      ]
    },
    {
      "mode": "managed",
      "type": "aws_iam_role_policy_attachment",
      "name": "AmazonEC2ContainerRegistryReadOnly",
      "provider": "provider.aws",
      "instances": [
        {
          "schema_version": 0,
          "attributes": {
            "id": "terraform-20210301161300001700000001-20210301161304422000000006",
            "policy_arn": "arn:aws:iam::aws:policy/AmazonEC2ContainerRegistryReadOnly",
            "role": "terraform-20210301161300001700000001"
          },
          "private": "bnVsbA==",
          "dependencies": [
            "aws_iam_role.EKSRole"
          ]
        }
      ]
    },
    {
      "mode": "managed",
      "type": "aws_iam_role_policy_attachment",
      "name": "AmazonEKSClusterPolicy",
      "provider": "provider.aws",
      "instances": [
        {
          "schema_version": 0,
          "attributes": {
            "id": "terraform-20210301161300001700000001-20210301161304376300000004",
            "policy_arn": "arn:aws:iam::aws:policy/AmazonEKSClusterPolicy",
            "role": "terraform-20210301161300001700000001"
          },
          "private": "bnVsbA==",
          "dependencies": [
            "aws_iam_role.EKSRole"
          ]
        }
      ]
    },
    {
      "mode": "managed",
      "type": "aws_iam_role_policy_attachment",
      "name": "AmazonEKSNode",
      "provider": "provider.aws",
      "instances": [
        {
          "schema_version": 0,
          "attributes": {
            "id": "terraform-20210301161300001700000001-20210301161304442000000007",
            "policy_arn": "arn:aws:iam::aws:policy/AmazonEKSWorkerNodePolicy",
            "role": "terraform-20210301161300001700000001"
          },
          "private": "bnVsbA==",
          "dependencies": [
            "aws_iam_role.EKSRole"
          ]
        }
      ]
    },
    {
      "mode": "managed",
      "type": "aws_iam_role_policy_attachment",
      "name": "AmazonEKSRegistry",
      "provider": "provider.aws",
      "instances": [
        {
          "schema_version": 0,
          "attributes": {
            "id": "terraform-20210301161300001700000001-20210301161304415600000005",
            "policy_arn": "arn:aws:iam::aws:policy/AmazonEC2ContainerRegistryReadOnly",
            "role": "terraform-20210301161300001700000001"
          },
          "private": "bnVsbA==",
          "dependencies": [
            "aws_iam_role.EKSRole"
          ]
        }
      ]
    },
    {
      "mode": "managed",
      "type": "aws_iam_role_policy_attachment",
      "name": "AmazonEKSService",
      "provider": "provider.aws",
      "instances": [
        {
          "schema_version": 0,
          "attributes": {
            "id": "terraform-20210301161300001700000001-20210301161304254100000002",
            "policy_arn": "arn:aws:iam::aws:policy/AmazonEKSServicePolicy",
            "role": "terraform-20210301161300001700000001"
          },
          "private": "bnVsbA==",
          "dependencies": [
            "aws_iam_role.EKSRole"
          ]
        }
      ]
    },
    {
      "mode": "managed",
      "type": "aws_iam_role_policy_attachment",
      "name": "AmazonEKS_CNI_Policy",
      "provider": "provider.aws",
      "instances": [
        {
          "schema_version": 0,
          "attributes": {
            "id": "terraform-20210301161300001700000001-20210301161304365500000003",
            "policy_arn": "arn:aws:iam::aws:policy/AmazonEKS_CNI_Policy",
            "role": "terraform-20210301161300001700000001"
          },
          "private": "bnVsbA==",
          "dependencies": [
            "aws_iam_role.EKSRole"
          ]
        }
      ]
    },
    {
      "mode": "managed",
      "type": "aws_instance",
      "name": "demo-instance1",
      "provider": "provider.aws",
      "instances": [
        {
          "schema_version": 1,
          "attributes": {
            "ami": "ami-02f9ea74050d6f812",
            "arn": "arn:aws:ec2:eu-central-1:210416437462:instance/i-0a1b7285b676b60a9",
            "associate_public_ip_address": true,
            "availability_zone": "eu-central-1b",
            "cpu_core_count": 1,
            "cpu_threads_per_core": 1,
            "credit_specification": [
              {
                "cpu_credits": "standard"
              }
            ],
            "disable_api_termination": false,
            "ebs_block_device": [],
            "ebs_optimized": false,
            "enclave_options": [
              {
                "enabled": false
              }
            ],
            "ephemeral_block_device": [],
            "get_password_data": false,
            "hibernation": false,
            "host_id": null,
            "iam_instance_profile": "",
            "id": "i-0a1b7285b676b60a9",
            "instance_initiated_shutdown_behavior": null,
            "instance_state": "running",
            "instance_type": "t2.micro",
            "ipv6_address_count": 0,
            "ipv6_addresses": [],
            "key_name": "demo_key",
            "metadata_options": [
              {
                "http_endpoint": "enabled",
                "http_put_response_hop_limit": 1,
                "http_tokens": "optional"
              }
            ],
            "monitoring": false,
            "network_interface": [],
            "outpost_arn": "",
            "password_data": "",
            "placement_group": "",
            "primary_network_interface_id": "eni-05c85e85b8e4f0db2",
            "private_dns": "ip-172-31-31-106.eu-central-1.compute.internal",
            "private_ip": "172.31.31.106",
            "public_dns": "ec2-3-120-209-222.eu-central-1.compute.amazonaws.com",
            "public_ip": "3.120.209.222",
            "root_block_device": [
              {
                "delete_on_termination": true,
                "device_name": "/dev/xvda",
                "encrypted": false,
                "iops": 100,
                "kms_key_id": "",
                "tags": {},
                "throughput": 0,
                "volume_id": "vol-0e39d29fe85d473b4",
                "volume_size": 8,
                "volume_type": "gp2"
              }
            ],
            "secondary_private_ips": [],
            "security_groups": [],
            "source_dest_check": true,
            "subnet_id": "subnet-0c175ad5cfb1994cd",
            "tags": {
              "description": "somedemos",
              "name": "DemoInstance"
            },
            "tenancy": "default",
            "timeouts": null,
            "user_data": "2370a363d905de58e5660614a686dac0584be56a",
            "user_data_base64": null,
            "volume_tags": null,
            "vpc_security_group_ids": [
              "sg-03969c0eb58cc16e0"
            ]
          },
          "private": "eyJlMmJmYjczMC1lY2FhLTExZTYtOGY4OC0zNDM2M2JjN2M0YzAiOnsiY3JlYXRlIjo2MDAwMDAwMDAwMDAsImRlbGV0ZSI6MTIwMDAwMDAwMDAwMCwidXBkYXRlIjo2MDAwMDAwMDAwMDB9LCJzY2hlbWFfdmVyc2lvbiI6IjEifQ==",
          "dependencies": [
            "aws_key_pair.demo_key",
            "aws_security_group.demo_sg",
            "aws_subnet.demo_subnet",
            "aws_vpc.demonet"
          ]
        }
      ]
    },
    {
      "mode": "managed",
      "type": "aws_instance",
      "name": "demo-instance2",
      "provider": "provider.aws",
      "instances": [
        {
          "schema_version": 1,
          "attributes": {
            "ami": "ami-02f9ea74050d6f812",
            "arn": "arn:aws:ec2:eu-central-1:210416437462:instance/i-02d1a94220c416ef4",
            "associate_public_ip_address": true,
            "availability_zone": "eu-central-1b",
            "cpu_core_count": 1,
            "cpu_threads_per_core": 1,
            "credit_specification": [
              {
                "cpu_credits": "standard"
              }
            ],
            "disable_api_termination": false,
            "ebs_block_device": [],
            "ebs_optimized": false,
            "enclave_options": [
              {
                "enabled": false
              }
            ],
            "ephemeral_block_device": [],
            "get_password_data": false,
            "hibernation": false,
            "host_id": null,
            "iam_instance_profile": "",
            "id": "i-02d1a94220c416ef4",
            "instance_initiated_shutdown_behavior": null,
            "instance_state": "running",
            "instance_type": "t2.micro",
            "ipv6_address_count": 0,
            "ipv6_addresses": [],
            "key_name": "demo_key",
            "metadata_options": [
              {
                "http_endpoint": "enabled",
                "http_put_response_hop_limit": 1,
                "http_tokens": "optional"
              }
            ],
            "monitoring": false,
            "network_interface": [],
            "outpost_arn": "",
            "password_data": "",
            "placement_group": "",
            "primary_network_interface_id": "eni-0802ae139eef8a31d",
            "private_dns": "ip-172-31-22-182.eu-central-1.compute.internal",
            "private_ip": "172.31.22.182",
            "public_dns": "ec2-18-198-24-177.eu-central-1.compute.amazonaws.com",
            "public_ip": "18.198.24.177",
            "root_block_device": [
              {
                "delete_on_termination": true,
                "device_name": "/dev/xvda",
                "encrypted": false,
                "iops": 100,
                "kms_key_id": "",
                "tags": {},
                "throughput": 0,
                "volume_id": "vol-034de8878ae45ddf9",
                "volume_size": 8,
                "volume_type": "gp2"
              }
            ],
            "secondary_private_ips": [],
            "security_groups": [],
            "source_dest_check": true,
            "subnet_id": "subnet-0c175ad5cfb1994cd",
            "tags": {
              "description": "somedemos2",
              "name": "DemoInstance"
            },
            "tenancy": "default",
            "timeouts": null,
            "user_data": "2370a363d905de58e5660614a686dac0584be56a",
            "user_data_base64": null,
            "volume_tags": null,
            "vpc_security_group_ids": [
              "sg-03969c0eb58cc16e0"
            ]
          },
          "private": "eyJlMmJmYjczMC1lY2FhLTExZTYtOGY4OC0zNDM2M2JjN2M0YzAiOnsiY3JlYXRlIjo2MDAwMDAwMDAwMDAsImRlbGV0ZSI6MTIwMDAwMDAwMDAwMCwidXBkYXRlIjo2MDAwMDAwMDAwMDB9LCJzY2hlbWFfdmVyc2lvbiI6IjEifQ==",
          "dependencies": [
            "aws_key_pair.demo_key",
            "aws_security_group.demo_sg",
            "aws_subnet.demo_subnet",
            "aws_vpc.demonet"
          ]
        }
      ]
    },
    {
      "mode": "managed",
      "type": "aws_internet_gateway",
      "name": "gt",
      "provider": "provider.aws",
      "instances": [
        {
          "schema_version": 0,
          "attributes": {
            "arn": "arn:aws:ec2:eu-central-1:210416437462:internet-gateway/igw-0daa93f4642f6181d",
            "id": "igw-0daa93f4642f6181d",
            "owner_id": "210416437462",
            "tags": null,
            "vpc_id": "vpc-09de9e4d48f8c5a85"
          },
          "private": "bnVsbA==",
          "dependencies": [
            "aws_vpc.demonet"
          ]
        }
      ]
    },
    {
      "mode": "managed",
      "type": "aws_key_pair",
      "name": "demo_key",
      "provider": "provider.aws",
      "instances": [
        {
          "schema_version": 1,
          "attributes": {
            "arn": "arn:aws:ec2:eu-central-1:210416437462:key-pair/demo_key",
            "fingerprint": "27:57:0c:d8:e3:3f:b9:c8:ee:0f:66:f5:ef:44:9a:ab",
            "id": "demo_key",
            "key_name": "demo_key",
            "key_name_prefix": null,
            "key_pair_id": "key-0154cdb37fd902ad4",
            "public_key": "ssh-rsa AAAAB3NzaC1yc2EAAAADAQABAAABAQCkqqTEw+cdJsHYN3bJ2KeA+kMgTL5kbcJkqwEBG9SSbbkmbZPmF6A/F4IJMCqf4Cjt+M1SLcOI/3D38BQigfRh7q6krbrj0FPGc2jfatVoYU0UNM/y8u8hFLKPqGyUhrGlpIapuKT6BTHz9wQbDs/xtLf2nDQvIQIe0FRiWHdMblc2VkpumGWXGzMeVaq6tPFHEnauzzMA9S/BaBbxABViqu0qlFnSCRd49b6/HL7wlbdPxpDP3iRZIZKwRlaAsTlOKryxNU/XoBGNvHGlqR4uV2GkGj4N5qvRUYbGtS5KQMFQGB6+w6qsm4psmFasS1V+V9SLgm4F/9UrSb2/tHi/ demo_key",
            "tags": null
          },
          "private": "eyJzY2hlbWFfdmVyc2lvbiI6IjEifQ=="
        }
      ]
    },
    {
      "mode": "managed",
      "type": "aws_lb",
      "name": "LoadBalancer",
      "provider": "provider.aws",
      "instances": [
        {
          "schema_version": 0,
          "attributes": {
            "access_logs": [
              {
                "bucket": "",
                "enabled": false,
                "prefix": ""
              }
            ],
            "arn": "arn:aws:elasticloadbalancing:eu-central-1:210416437462:loadbalancer/app/LoadBalancer/3d98d32edaf13af8",
            "arn_suffix": "app/LoadBalancer/3d98d32edaf13af8",
            "customer_owned_ipv4_pool": "",
            "dns_name": "LoadBalancer-557910684.eu-central-1.elb.amazonaws.com",
            "drop_invalid_header_fields": false,
            "enable_cross_zone_load_balancing": null,
            "enable_deletion_protection": false,
            "enable_http2": true,
            "id": "arn:aws:elasticloadbalancing:eu-central-1:210416437462:loadbalancer/app/LoadBalancer/3d98d32edaf13af8",
            "idle_timeout": 60,
            "internal": false,
            "ip_address_type": "ipv4",
            "load_balancer_type": "application",
            "name": "LoadBalancer",
            "name_prefix": null,
            "security_groups": [
              "sg-03969c0eb58cc16e0"
            ],
            "subnet_mapping": [
              {
                "allocation_id": "",
                "ipv6_address": "",
                "outpost_id": "",
                "private_ipv4_address": "",
                "subnet_id": "subnet-0c175ad5cfb1994cd"
              },
              {
                "allocation_id": "",
                "ipv6_address": "",
                "outpost_id": "",
                "private_ipv4_address": "",
                "subnet_id": "subnet-0c9c31269abf880bc"
              }
            ],
            "subnets": [
              "subnet-0c175ad5cfb1994cd",
              "subnet-0c9c31269abf880bc"
            ],
            "tags": null,
            "timeouts": null,
            "vpc_id": "vpc-09de9e4d48f8c5a85",
            "zone_id": "Z215JYRZR1TBD5"
          },
          "private": "eyJlMmJmYjczMC1lY2FhLTExZTYtOGY4OC0zNDM2M2JjN2M0YzAiOnsiY3JlYXRlIjo2MDAwMDAwMDAwMDAsImRlbGV0ZSI6NjAwMDAwMDAwMDAwLCJ1cGRhdGUiOjYwMDAwMDAwMDAwMH19",
          "dependencies": [
            "aws_security_group.demo_sg",
            "aws_subnet.demo_subnet",
            "aws_subnet.demo_subnet2",
            "aws_vpc.demonet"
          ]
        }
      ]
    },
    {
      "mode": "managed",
      "type": "aws_route_table",
      "name": "route",
      "provider": "provider.aws",
      "instances": [
        {
          "schema_version": 0,
          "attributes": {
            "id": "rtb-0031ec59aa8832878",
            "owner_id": "210416437462",
            "propagating_vgws": [],
            "route": [
              {
                "cidr_block": "0.0.0.0/0",
                "egress_only_gateway_id": "",
                "gateway_id": "igw-0daa93f4642f6181d",
                "instance_id": "",
                "ipv6_cidr_block": "",
                "local_gateway_id": "",
                "nat_gateway_id": "",
                "network_interface_id": "",
                "transit_gateway_id": "",
                "vpc_endpoint_id": "",
                "vpc_peering_connection_id": ""
              }
            ],
            "tags": null,
            "vpc_id": "vpc-09de9e4d48f8c5a85"
          },
          "private": "bnVsbA==",
          "dependencies": [
            "aws_internet_gateway.gt",
            "aws_vpc.demonet"
          ]
        }
      ]
    },
    {
      "mode": "managed",
      "type": "aws_route_table_association",
      "name": "route_association",
      "provider": "provider.aws",
      "instances": [
        {
          "schema_version": 0,
          "attributes": {
            "gateway_id": null,
            "id": "rtbassoc-0fa2037c4682b3aaf",
            "route_table_id": "rtb-0031ec59aa8832878",
            "subnet_id": "subnet-0c175ad5cfb1994cd"
          },
          "private": "bnVsbA==",
          "dependencies": [
            "aws_internet_gateway.gt",
            "aws_route_table.route",
            "aws_subnet.demo_subnet",
            "aws_vpc.demonet"
          ]
        }
      ]
    },
    {
      "mode": "managed",
      "type": "aws_route_table_association",
      "name": "route_association2",
      "provider": "provider.aws",
      "instances": [
        {
          "schema_version": 0,
          "attributes": {
            "gateway_id": null,
            "id": "rtbassoc-02d6a571c93439eb5",
            "route_table_id": "rtb-0031ec59aa8832878",
            "subnet_id": "subnet-0c9c31269abf880bc"
          },
          "private": "bnVsbA==",
          "dependencies": [
            "aws_internet_gateway.gt",
            "aws_route_table.route",
            "aws_subnet.demo_subnet2",
            "aws_vpc.demonet"
          ]
        }
      ]
    },
    {
      "mode": "managed",
      "type": "aws_security_group",
      "name": "demo_sg",
      "provider": "provider.aws",
      "instances": [
        {
          "schema_version": 1,
          "attributes": {
            "arn": "arn:aws:ec2:eu-central-1:210416437462:security-group/sg-03969c0eb58cc16e0",
            "description": "Allow https inbound traffic",
            "egress": [
              {
                "cidr_blocks": [
                  "0.0.0.0/0"
                ],
                "description": "",
                "from_port": 0,
                "ipv6_cidr_blocks": [],
                "prefix_list_ids": [],
                "protocol": "-1",
                "security_groups": [],
                "self": false,
                "to_port": 0
              }
            ],
            "id": "sg-03969c0eb58cc16e0",
            "ingress": [
              {
                "cidr_blocks": [
                  "0.0.0.0/0"
                ],
                "description": "",
                "from_port": 443,
                "ipv6_cidr_blocks": [],
                "prefix_list_ids": [],
                "protocol": "tcp",
                "security_groups": [],
                "self": false,
                "to_port": 443
              },
              {
                "cidr_blocks": [
                  "0.0.0.0/0"
                ],
                "description": "",
                "from_port": 80,
                "ipv6_cidr_blocks": [],
                "prefix_list_ids": [],
                "protocol": "tcp",
                "security_groups": [],
                "self": false,
                "to_port": 80
              },
              {
                "cidr_blocks": [
                  "62.87.30.66/32"
                ],
                "description": "",
                "from_port": 22,
                "ipv6_cidr_blocks": [],
                "prefix_list_ids": [],
                "protocol": "tcp",
                "security_groups": [],
                "self": false,
                "to_port": 22
              }
            ],
            "name": "allow_https",
            "name_prefix": "",
            "owner_id": "210416437462",
            "revoke_rules_on_delete": false,
            "tags": {
              "Name": "SG for allowing 443"
            },
            "timeouts": null,
            "vpc_id": "vpc-09de9e4d48f8c5a85"
          },
          "private": "eyJlMmJmYjczMC1lY2FhLTExZTYtOGY4OC0zNDM2M2JjN2M0YzAiOnsiY3JlYXRlIjo2MDAwMDAwMDAwMDAsImRlbGV0ZSI6NjAwMDAwMDAwMDAwfSwic2NoZW1hX3ZlcnNpb24iOiIxIn0=",
          "dependencies": [
            "aws_vpc.demonet"
          ]
        }
      ]
    },
    {
      "mode": "managed",
      "type": "aws_subnet",
      "name": "demo_subnet",
      "provider": "provider.aws",
      "instances": [
        {
          "schema_version": 1,
          "attributes": {
            "arn": "arn:aws:ec2:eu-central-1:210416437462:subnet/subnet-0c175ad5cfb1994cd",
            "assign_ipv6_address_on_creation": false,
            "availability_zone": "eu-central-1b",
            "availability_zone_id": "euc1-az3",
            "cidr_block": "172.31.16.0/20",
            "customer_owned_ipv4_pool": "",
            "id": "subnet-0c175ad5cfb1994cd",
            "ipv6_cidr_block": "",
            "ipv6_cidr_block_association_id": "",
            "map_customer_owned_ip_on_launch": false,
            "map_public_ip_on_launch": true,
            "outpost_arn": "",
            "owner_id": "210416437462",
            "tags": null,
            "timeouts": null,
            "vpc_id": "vpc-09de9e4d48f8c5a85"
          },
          "private": "eyJlMmJmYjczMC1lY2FhLTExZTYtOGY4OC0zNDM2M2JjN2M0YzAiOnsiY3JlYXRlIjo2MDAwMDAwMDAwMDAsImRlbGV0ZSI6MTIwMDAwMDAwMDAwMH0sInNjaGVtYV92ZXJzaW9uIjoiMSJ9",
          "dependencies": [
            "aws_vpc.demonet"
          ]
        }
      ]
    },
    {
      "mode": "managed",
      "type": "aws_subnet",
      "name": "demo_subnet2",
      "provider": "provider.aws",
      "instances": [
        {
          "schema_version": 1,
          "attributes": {
            "arn": "arn:aws:ec2:eu-central-1:210416437462:subnet/subnet-0c9c31269abf880bc",
            "assign_ipv6_address_on_creation": false,
            "availability_zone": "eu-central-1c",
            "availability_zone_id": "euc1-az1",
            "cidr_block": "172.31.8.0/24",
            "customer_owned_ipv4_pool": "",
            "id": "subnet-0c9c31269abf880bc",
            "ipv6_cidr_block": "",
            "ipv6_cidr_block_association_id": "",
            "map_customer_owned_ip_on_launch": false,
            "map_public_ip_on_launch": true,
            "outpost_arn": "",
            "owner_id": "210416437462",
            "tags": null,
            "timeouts": null,
            "vpc_id": "vpc-09de9e4d48f8c5a85"
          },
          "private": "eyJlMmJmYjczMC1lY2FhLTExZTYtOGY4OC0zNDM2M2JjN2M0YzAiOnsiY3JlYXRlIjo2MDAwMDAwMDAwMDAsImRlbGV0ZSI6MTIwMDAwMDAwMDAwMH0sInNjaGVtYV92ZXJzaW9uIjoiMSJ9",
          "dependencies": [
            "aws_vpc.demonet"
          ]
        }
      ]
    },
    {
      "mode": "managed",
      "type": "aws_vpc",
      "name": "demonet",
      "provider": "provider.aws",
      "instances": [
        {
          "schema_version": 1,
          "attributes": {
            "arn": "arn:aws:ec2:eu-central-1:210416437462:vpc/vpc-09de9e4d48f8c5a85",
            "assign_generated_ipv6_cidr_block": false,
            "cidr_block": "172.31.0.0/16",
            "default_network_acl_id": "acl-0910f823aa2171a82",
            "default_route_table_id": "rtb-070fb1985bbb8fc4e",
            "default_security_group_id": "sg-0b41238410289e345",
            "dhcp_options_id": "dopt-d17efebb",
            "enable_classiclink": null,
            "enable_classiclink_dns_support": null,
            "enable_dns_hostnames": true,
            "enable_dns_support": true,
            "id": "vpc-09de9e4d48f8c5a85",
            "instance_tenancy": "default",
            "ipv6_association_id": "",
            "ipv6_cidr_block": "",
            "main_route_table_id": "rtb-070fb1985bbb8fc4e",
            "owner_id": "210416437462",
            "tags": null
          },
          "private": "eyJzY2hlbWFfdmVyc2lvbiI6IjEifQ=="
        }
      ]
    }
  ]
}
