{
  "version": 4,
  "terraform_version": "0.12.21",
  "serial": 813,
  "lineage": "1a486b7a-42cb-10b0-0511-5218f3252564",
  "outputs": {
    "eks_cluster_certificate_authority": {
      "value": [
        {
          "data": "LS0tLS1CRUdJTiBDRVJUSUZJQ0FURS0tLS0tCk1JSUN5RENDQWJDZ0F3SUJBZ0lCQURBTkJna3Foa2lHOXcwQkFRc0ZBREFWTVJNd0VRWURWUVFERXdwcmRXSmwKY201bGRHVnpNQjRYRFRJeE1ETXdNVEE1TlRjeU5sb1hEVE14TURJeU56QTVOVGN5Tmxvd0ZURVRNQkVHQTFVRQpBeE1LYTNWaVpYSnVaWFJsY3pDQ0FTSXdEUVlKS29aSWh2Y05BUUVCQlFBRGdnRVBBRENDQVFvQ2dnRUJBTmdPCk1GaG1mSE9NejZhdmVVeDFSZWZ0MEhEVC9PYlJiSloweTVIR3JBOVJTcVgvR3hlaG9TZzJFQm9xU2JRRWlmQnQKeFh3R2xocHdwd2g2RTA4WlQ3emNqMHVYVFhiWU1kV0pGaWhUOGFXRitOOUxpazdvVzNJcUhkQWI4WnZKU3J6SgowbWhEWTF5RTJKM3dlVVBSZzZjVE1xT0NJa1UrQ205TkFMUHc4eFhUblkrbE1wc0FKOUVqdjdVZFpubUVKaXExCkNCL3ppLzVTNFB1WERMeFlhUjFHMmVuMzh3SkEvVUkwbkUwZ25zTmFJTjRyQjUzckMyMlVsUFNGOFBMNkxpc0MKM2d6enNseXJmVThkR0FwT3VHYXpEMjlNSEp2ZnhkZXB2Qm1NZno2SjdiQnFkaDhPOWpPNFBVN1o4N3gzTGp0RwpmcUJoT05rczMwZ0F6c3VXNzJzQ0F3RUFBYU1qTUNFd0RnWURWUjBQQVFIL0JBUURBZ0trTUE4R0ExVWRFd0VCCi93UUZNQU1CQWY4d0RRWUpLb1pJaHZjTkFRRUxCUUFEZ2dFQkFLVks3VzFZU1A3N1lrWkNIUzlEUEdrNzFCdTgKQldpa1R1TTRFdDRuUzZmbUdoUFl1cVE5ekI2WUZGMVNyNGdodm5DTFpHNGtSYXgvYnVUeGxLYmhubUZuV1lkdworQVJVaHpCdVI2Wm9XYms3Q2hESURLckJiV2VUQXdMaUcwczNRdDFReGUxN3RxcWFEelpaMUZORzFodWwwNHpxCmRpRHY3VlBHaFNZTm9jUXByS0NFamxER3BrSFM1SkZJbHF2OWxORm1wMW45ZjRzajFabU1xdTBrS1FnNHIwV1MKcFpPbm1FaHJmcE43TEpUcVcvaTdYeXNpMU1tblMyMDlJZlNFcVlVeWJQeExhNVFLZ3Yyc3dTWjZ6Qm1HTVhyTQpUc2RKNUg3Zlh3VjhrczhUeFpjTGg0a3hZU3d0dDB0WGNSSVJwdExmKzdEY2t1czNmUGZUNC9BaFQ0cz0KLS0tLS1FTkQgQ0VSVElGSUNBVEUtLS0tLQo="
        }
      ],
      "type": [
        "list",
        [
          "object",
          {
            "data": "string"
          }
        ]
      ]
    },
    "eks_cluster_endpoint": {
      "value": "https://4F3D4646ABACE71072B6FD3A982DE5C0.gr7.eu-central-1.eks.amazonaws.com",
      "type": "string"
    },
    "instance1": {
      "value": [
        "3.124.217.64",
        "i-0168d4622a81a1401"
      ],
      "type": [
        "tuple",
        [
          "string",
          "string"
        ]
      ]
    },
    "instance2": {
      "value": [
        "35.158.11.32",
        "i-0bbafeaf9f0662e56"
      ],
      "type": [
        "tuple",
        [
          "string",
          "string"
        ]
      ]
    },
    "lbURL": {
      "value": "LoadBalancer-816147710.eu-central-1.elb.amazonaws.com",
      "type": "string"
    }
  },
  "resources": [
    {
      "mode": "managed",
      "type": "aws_alb_listener",
      "name": "Listener",
      "provider": "provider.aws",
      "instances": [
        {
          "schema_version": 0,
          "attributes": {
            "arn": "arn:aws:elasticloadbalancing:eu-central-1:210416437462:listener/app/LoadBalancer/e802feb8db3ca3ae/42bba4cb9bbb00a6",
            "certificate_arn": null,
            "default_action": [
              {
                "authenticate_cognito": [],
                "authenticate_oidc": [],
                "fixed_response": [],
                "forward": [],
                "order": 1,
                "redirect": [],
                "target_group_arn": "arn:aws:elasticloadbalancing:eu-central-1:210416437462:targetgroup/TG/762f8f5d93af5a2a",
                "type": "forward"
              }
            ],
            "id": "arn:aws:elasticloadbalancing:eu-central-1:210416437462:listener/app/LoadBalancer/e802feb8db3ca3ae/42bba4cb9bbb00a6",
            "load_balancer_arn": "arn:aws:elasticloadbalancing:eu-central-1:210416437462:loadbalancer/app/LoadBalancer/e802feb8db3ca3ae",
            "port": 80,
            "protocol": "HTTP",
            "ssl_policy": "",
            "timeouts": null
          },
          "private": "eyJlMmJmYjczMC1lY2FhLTExZTYtOGY4OC0zNDM2M2JjN2M0YzAiOnsicmVhZCI6NjAwMDAwMDAwMDAwfX0=",
          "dependencies": [
            "aws_alb_target_group.Target",
            "aws_lb.LoadBalancer",
            "aws_security_group.demo_sg",
            "aws_subnet.demo_subnet",
            "aws_subnet.demo_subnet2",
            "aws_vpc.demonet"
          ]
        }
      ]
    },
    {
      "mode": "managed",
      "type": "aws_alb_target_group",
      "name": "Target",
      "provider": "provider.aws",
      "instances": [
        {
          "schema_version": 0,
          "attributes": {
            "arn": "arn:aws:elasticloadbalancing:eu-central-1:210416437462:targetgroup/TG/762f8f5d93af5a2a",
            "arn_suffix": "targetgroup/TG/762f8f5d93af5a2a",
            "deregistration_delay": 300,
            "health_check": [
              {
                "enabled": true,
                "healthy_threshold": 5,
                "interval": 30,
                "matcher": "200",
                "path": "/",
                "port": "traffic-port",
                "protocol": "HTTP",
                "timeout": 5,
                "unhealthy_threshold": 2
              }
            ],
            "id": "arn:aws:elasticloadbalancing:eu-central-1:210416437462:targetgroup/TG/762f8f5d93af5a2a",
            "lambda_multi_value_headers_enabled": false,
            "load_balancing_algorithm_type": "round_robin",
            "name": "TG",
            "name_prefix": null,
            "port": 80,
            "protocol": "HTTP",
            "protocol_version": "HTTP1",
            "proxy_protocol_v2": false,
            "slow_start": 0,
            "stickiness": [
              {
                "cookie_duration": 86400,
                "enabled": false,
                "type": "lb_cookie"
              }
            ],
            "tags": null,
            "target_type": "instance",
            "vpc_id": "vpc-0da875fe4afe0a0db"
          },
          "private": "bnVsbA==",
          "dependencies": [
            "aws_vpc.demonet"
          ]
        }
      ]
    },
    {
      "mode": "managed",
      "type": "aws_alb_target_group_attachment",
      "name": "Instances_Alb",
      "provider": "provider.aws",
      "instances": [
        {
          "schema_version": 0,
          "attributes": {
            "availability_zone": null,
            "id": "arn:aws:elasticloadbalancing:eu-central-1:210416437462:targetgroup/TG/762f8f5d93af5a2a-20210301094848720900000009",
            "port": null,
            "target_group_arn": "arn:aws:elasticloadbalancing:eu-central-1:210416437462:targetgroup/TG/762f8f5d93af5a2a",
            "target_id": "i-0bbafeaf9f0662e56"
          },
          "private": "bnVsbA==",
          "dependencies": [
            "aws_alb_target_group.Target",
            "aws_instance.demo-instance2",
            "aws_key_pair.demo_key",
            "aws_security_group.demo_sg",
            "aws_subnet.demo_subnet",
            "aws_vpc.demonet"
          ]
        }
      ]
    },
    {
      "mode": "managed",
      "type": "aws_alb_target_group_attachment",
      "name": "Instances_Alb2",
      "provider": "provider.aws",
      "instances": [
        {
          "schema_version": 0,
          "attributes": {
            "availability_zone": null,
            "id": "arn:aws:elasticloadbalancing:eu-central-1:210416437462:targetgroup/TG/762f8f5d93af5a2a-20210301094838426100000008",
            "port": null,
            "target_group_arn": "arn:aws:elasticloadbalancing:eu-central-1:210416437462:targetgroup/TG/762f8f5d93af5a2a",
            "target_id": "i-0168d4622a81a1401"
          },
          "private": "bnVsbA==",
          "dependencies": [
            "aws_alb_target_group.Target",
            "aws_instance.demo-instance1",
            "aws_key_pair.demo_key",
            "aws_security_group.demo_sg",
            "aws_subnet.demo_subnet",
            "aws_vpc.demonet"
          ]
        }
      ]
    },
    {
      "mode": "managed",
      "type": "aws_eks_cluster",
      "name": "EKSDemo",
      "provider": "provider.aws",
      "instances": [
        {
          "schema_version": 0,
          "attributes": {
            "arn": "arn:aws:eks:eu-central-1:210416437462:cluster/DemoCluster",
            "certificate_authority": [
              {
                "data": "LS0tLS1CRUdJTiBDRVJUSUZJQ0FURS0tLS0tCk1JSUN5RENDQWJDZ0F3SUJBZ0lCQURBTkJna3Foa2lHOXcwQkFRc0ZBREFWTVJNd0VRWURWUVFERXdwcmRXSmwKY201bGRHVnpNQjRYRFRJeE1ETXdNVEE1TlRjeU5sb1hEVE14TURJeU56QTVOVGN5Tmxvd0ZURVRNQkVHQTFVRQpBeE1LYTNWaVpYSnVaWFJsY3pDQ0FTSXdEUVlKS29aSWh2Y05BUUVCQlFBRGdnRVBBRENDQVFvQ2dnRUJBTmdPCk1GaG1mSE9NejZhdmVVeDFSZWZ0MEhEVC9PYlJiSloweTVIR3JBOVJTcVgvR3hlaG9TZzJFQm9xU2JRRWlmQnQKeFh3R2xocHdwd2g2RTA4WlQ3emNqMHVYVFhiWU1kV0pGaWhUOGFXRitOOUxpazdvVzNJcUhkQWI4WnZKU3J6SgowbWhEWTF5RTJKM3dlVVBSZzZjVE1xT0NJa1UrQ205TkFMUHc4eFhUblkrbE1wc0FKOUVqdjdVZFpubUVKaXExCkNCL3ppLzVTNFB1WERMeFlhUjFHMmVuMzh3SkEvVUkwbkUwZ25zTmFJTjRyQjUzckMyMlVsUFNGOFBMNkxpc0MKM2d6enNseXJmVThkR0FwT3VHYXpEMjlNSEp2ZnhkZXB2Qm1NZno2SjdiQnFkaDhPOWpPNFBVN1o4N3gzTGp0RwpmcUJoT05rczMwZ0F6c3VXNzJzQ0F3RUFBYU1qTUNFd0RnWURWUjBQQVFIL0JBUURBZ0trTUE4R0ExVWRFd0VCCi93UUZNQU1CQWY4d0RRWUpLb1pJaHZjTkFRRUxCUUFEZ2dFQkFLVks3VzFZU1A3N1lrWkNIUzlEUEdrNzFCdTgKQldpa1R1TTRFdDRuUzZmbUdoUFl1cVE5ekI2WUZGMVNyNGdodm5DTFpHNGtSYXgvYnVUeGxLYmhubUZuV1lkdworQVJVaHpCdVI2Wm9XYms3Q2hESURLckJiV2VUQXdMaUcwczNRdDFReGUxN3RxcWFEelpaMUZORzFodWwwNHpxCmRpRHY3VlBHaFNZTm9jUXByS0NFamxER3BrSFM1SkZJbHF2OWxORm1wMW45ZjRzajFabU1xdTBrS1FnNHIwV1MKcFpPbm1FaHJmcE43TEpUcVcvaTdYeXNpMU1tblMyMDlJZlNFcVlVeWJQeExhNVFLZ3Yyc3dTWjZ6Qm1HTVhyTQpUc2RKNUg3Zlh3VjhrczhUeFpjTGg0a3hZU3d0dDB0WGNSSVJwdExmKzdEY2t1czNmUGZUNC9BaFQ0cz0KLS0tLS1FTkQgQ0VSVElGSUNBVEUtLS0tLQo="
              }
            ],
            "created_at": "2021-03-01 09:50:26.237 +0000 UTC",
            "enabled_cluster_log_types": null,
            "encryption_config": [],
            "endpoint": "https://4F3D4646ABACE71072B6FD3A982DE5C0.gr7.eu-central-1.eks.amazonaws.com",
            "id": "DemoCluster",
            "identity": [
              {
                "oidc": [
                  {
                    "issuer": "https://oidc.eks.eu-central-1.amazonaws.com/id/4F3D4646ABACE71072B6FD3A982DE5C0"
                  }
                ]
              }
            ],
            "kubernetes_network_config": [
              {
                "service_ipv4_cidr": "10.100.0.0/16"
              }
            ],
            "name": "DemoCluster",
            "platform_version": "eks.3",
            "role_arn": "arn:aws:iam::210416437462:role/terraform-20210301094736733400000001",
            "status": "ACTIVE",
            "tags": null,
            "timeouts": null,
            "version": "1.18",
            "vpc_config": [
              {
                "cluster_security_group_id": "sg-0268b1e8fb9d4272e",
                "endpoint_private_access": false,
                "endpoint_public_access": true,
                "public_access_cidrs": [
                  "0.0.0.0/0"
                ],
                "security_group_ids": null,
                "subnet_ids": [
                  "subnet-0678a9a856ce79c2e",
                  "subnet-0b2d55a5492c4ad69"
                ],
                "vpc_id": "vpc-0da875fe4afe0a0db"
              }
            ]
          },
          "private": "eyJlMmJmYjczMC1lY2FhLTExZTYtOGY4OC0zNDM2M2JjN2M0YzAiOnsiY3JlYXRlIjoxODAwMDAwMDAwMDAwLCJkZWxldGUiOjkwMDAwMDAwMDAwMCwidXBkYXRlIjozNjAwMDAwMDAwMDAwfX0=",
          "dependencies": [
            "aws_alb_listener.Listener",
            "aws_alb_target_group.Target",
            "aws_iam_role.EKSRole",
            "aws_iam_role_policy_attachment.AmazonEKSClusterPolicy",
            "aws_iam_role_policy_attachment.AmazonEKSService",
            "aws_lb.LoadBalancer",
            "aws_security_group.demo_sg",
            "aws_subnet.demo_subnet",
            "aws_subnet.demo_subnet2",
            "aws_vpc.demonet"
          ]
        }
      ]
    },
    {
      "mode": "managed",
      "type": "aws_eks_node_group",
      "name": "eksnode",
      "provider": "provider.aws",
      "instances": [
        {
          "schema_version": 0,
          "attributes": {
            "ami_type": "AL2_x86_64",
            "arn": "arn:aws:eks:eu-central-1:210416437462:nodegroup/DemoCluster/eksnode/7ebbf69e-46df-a998-f437-ef0b9c4ee0ef",
            "capacity_type": "ON_DEMAND",
            "cluster_name": "DemoCluster",
            "disk_size": 20,
            "force_update_version": null,
            "id": "DemoCluster:eksnode",
            "instance_types": [
              "t2.micro"
            ],
            "labels": null,
            "launch_template": [],
            "node_group_name": "eksnode",
            "node_role_arn": "arn:aws:iam::210416437462:role/terraform-20210301094736733400000001",
            "release_version": "1.18.9-20210208",
            "remote_access": [],
            "resources": [
              {
                "autoscaling_groups": [
                  {
                    "name": "eks-7ebbf69e-46df-a998-f437-ef0b9c4ee0ef"
                  }
                ],
                "remote_access_security_group_id": ""
              }
            ],
            "scaling_config": [
              {
                "desired_size": 2,
                "max_size": 2,
                "min_size": 2
              }
            ],
            "status": "ACTIVE",
            "subnet_ids": [
              "subnet-0678a9a856ce79c2e",
              "subnet-0b2d55a5492c4ad69"
            ],
            "tags": null,
            "timeouts": null,
            "version": "1.18"
          },
          "private": "eyJlMmJmYjczMC1lY2FhLTExZTYtOGY4OC0zNDM2M2JjN2M0YzAiOnsiY3JlYXRlIjozNjAwMDAwMDAwMDAwLCJkZWxldGUiOjM2MDAwMDAwMDAwMDAsInVwZGF0ZSI6MzYwMDAwMDAwMDAwMH19",
          "dependencies": [
            "aws_alb_listener.Listener",
            "aws_alb_target_group.Target",
            "aws_eks_cluster.EKSDemo",
            "aws_iam_role.EKSRole",
            "aws_iam_role_policy_attachment.AmazonEC2ContainerRegistryReadOnly",
            "aws_iam_role_policy_attachment.AmazonEKSClusterPolicy",
            "aws_iam_role_policy_attachment.AmazonEKSService",
            "aws_lb.LoadBalancer",
            "aws_security_group.demo_sg",
            "aws_subnet.demo_subnet",
            "aws_subnet.demo_subnet2",
            "aws_vpc.demonet"
          ]
        }
      ]
    },
    {
      "mode": "managed",
      "type": "aws_iam_role",
      "name": "EKSRole",
      "provider": "provider.aws",
      "instances": [
        {
          "schema_version": 0,
          "attributes": {
            "arn": "arn:aws:iam::210416437462:role/terraform-20210301094736733400000001",
            "assume_role_policy": "{\"Version\":\"2012-10-17\",\"Statement\":[{\"Effect\":\"Allow\",\"Principal\":{\"Service\":[\"ec2.amazonaws.com\",\"eks.amazonaws.com\"]},\"Action\":\"sts:AssumeRole\"}]}",
            "create_date": "2021-03-01T09:47:42Z",
            "description": "",
            "force_detach_policies": false,
            "id": "terraform-20210301094736733400000001",
            "inline_policy": [
              {
                "name": "",
                "policy": ""
              }
            ],
            "managed_policy_arns": [],
            "max_session_duration": 3600,
            "name": "terraform-20210301094736733400000001",
            "name_prefix": null,
            "path": "/",
            "permissions_boundary": null,
            "tags": null,
            "unique_id": "AROATB7OMBDLISM7NFFZI"
          },
          "private": "bnVsbA=="
        }
      ]
    },
    {
      "mode": "managed",
      "type": "aws_iam_role_policy_attachment",
      "name": "AmazonEC2ContainerRegistryReadOnly",
      "provider": "provider.aws",
      "instances": [
        {
          "schema_version": 0,
          "attributes": {
            "id": "terraform-20210301094736733400000001-20210301094741123300000002",
            "policy_arn": "arn:aws:iam::aws:policy/AmazonEC2ContainerRegistryReadOnly",
            "role": "terraform-20210301094736733400000001"
          },
          "private": "bnVsbA==",
          "dependencies": [
            "aws_iam_role.EKSRole"
          ]
        }
      ]
    },
    {
      "mode": "managed",
      "type": "aws_iam_role_policy_attachment",
      "name": "AmazonEKSClusterPolicy",
      "provider": "provider.aws",
      "instances": [
        {
          "schema_version": 0,
          "attributes": {
            "id": "terraform-20210301094736733400000001-20210301094741250800000003",
            "policy_arn": "arn:aws:iam::aws:policy/AmazonEKSClusterPolicy",
            "role": "terraform-20210301094736733400000001"
          },
          "private": "bnVsbA==",
          "dependencies": [
            "aws_iam_role.EKSRole"
          ]
        }
      ]
    },
    {
      "mode": "managed",
      "type": "aws_iam_role_policy_attachment",
      "name": "AmazonEKSNode",
      "provider": "provider.aws",
      "instances": [
        {
          "schema_version": 0,
          "attributes": {
            "id": "terraform-20210301094736733400000001-20210301094741254700000004",
            "policy_arn": "arn:aws:iam::aws:policy/AmazonEKSWorkerNodePolicy",
            "role": "terraform-20210301094736733400000001"
          },
          "private": "bnVsbA==",
          "dependencies": [
            "aws_iam_role.EKSRole"
          ]
        }
      ]
    },
    {
      "mode": "managed",
      "type": "aws_iam_role_policy_attachment",
      "name": "AmazonEKSRegistry",
      "provider": "provider.aws",
      "instances": [
        {
          "schema_version": 0,
          "attributes": {
            "id": "terraform-20210301094736733400000001-20210301094741255300000005",
            "policy_arn": "arn:aws:iam::aws:policy/AmazonEC2ContainerRegistryReadOnly",
            "role": "terraform-20210301094736733400000001"
          },
          "private": "bnVsbA==",
          "dependencies": [
            "aws_iam_role.EKSRole"
          ]
        }
      ]
    },
    {
      "mode": "managed",
      "type": "aws_iam_role_policy_attachment",
      "name": "AmazonEKSService",
      "provider": "provider.aws",
      "instances": [
        {
          "schema_version": 0,
          "attributes": {
            "id": "terraform-20210301094736733400000001-20210301094741256600000006",
            "policy_arn": "arn:aws:iam::aws:policy/AmazonEKSServicePolicy",
            "role": "terraform-20210301094736733400000001"
          },
          "private": "bnVsbA==",
          "dependencies": [
            "aws_iam_role.EKSRole"
          ]
        }
      ]
    },
    {
      "mode": "managed",
      "type": "aws_iam_role_policy_attachment",
      "name": "AmazonEKS_CNI_Policy",
      "provider": "provider.aws",
      "instances": [
        {
          "schema_version": 0,
          "attributes": {
            "id": "terraform-20210301094736733400000001-20210301094741259200000007",
            "policy_arn": "arn:aws:iam::aws:policy/AmazonEKS_CNI_Policy",
            "role": "terraform-20210301094736733400000001"
          },
          "private": "bnVsbA==",
          "dependencies": [
            "aws_iam_role.EKSRole"
          ]
        }
      ]
    },
    {
      "mode": "managed",
      "type": "aws_instance",
      "name": "demo-instance1",
      "provider": "provider.aws",
      "instances": [
        {
          "schema_version": 1,
          "attributes": {
            "ami": "ami-02f9ea74050d6f812",
            "arn": "arn:aws:ec2:eu-central-1:210416437462:instance/i-0168d4622a81a1401",
            "associate_public_ip_address": true,
            "availability_zone": "eu-central-1b",
            "cpu_core_count": 1,
            "cpu_threads_per_core": 1,
            "credit_specification": [
              {
                "cpu_credits": "standard"
              }
            ],
            "disable_api_termination": false,
            "ebs_block_device": [],
            "ebs_optimized": false,
            "enclave_options": [
              {
                "enabled": false
              }
            ],
            "ephemeral_block_device": [],
            "get_password_data": false,
            "hibernation": false,
            "host_id": null,
            "iam_instance_profile": "",
            "id": "i-0168d4622a81a1401",
            "instance_initiated_shutdown_behavior": null,
            "instance_state": "running",
            "instance_type": "t2.micro",
            "ipv6_address_count": 0,
            "ipv6_addresses": [],
            "key_name": "demo_key",
            "metadata_options": [
              {
                "http_endpoint": "enabled",
                "http_put_response_hop_limit": 1,
                "http_tokens": "optional"
              }
            ],
            "monitoring": false,
            "network_interface": [],
            "outpost_arn": "",
            "password_data": "",
            "placement_group": "",
            "primary_network_interface_id": "eni-0af66b700084273c5",
            "private_dns": "ip-172-31-21-185.eu-central-1.compute.internal",
            "private_ip": "172.31.21.185",
            "public_dns": "ec2-3-124-217-64.eu-central-1.compute.amazonaws.com",
            "public_ip": "3.124.217.64",
            "root_block_device": [
              {
                "delete_on_termination": true,
                "device_name": "/dev/xvda",
                "encrypted": false,
                "iops": 100,
                "kms_key_id": "",
                "tags": {},
                "throughput": 0,
                "volume_id": "vol-02e09a452c3b81046",
                "volume_size": 8,
                "volume_type": "gp2"
              }
            ],
            "secondary_private_ips": [],
            "security_groups": [],
            "source_dest_check": true,
            "subnet_id": "subnet-0678a9a856ce79c2e",
            "tags": {
              "description": "somedemos",
              "name": "DemoInstance"
            },
            "tenancy": "default",
            "timeouts": null,
            "user_data": "2370a363d905de58e5660614a686dac0584be56a",
            "user_data_base64": null,
            "volume_tags": null,
            "vpc_security_group_ids": [
              "sg-098bf94663066d76f"
            ]
          },
          "private": "eyJlMmJmYjczMC1lY2FhLTExZTYtOGY4OC0zNDM2M2JjN2M0YzAiOnsiY3JlYXRlIjo2MDAwMDAwMDAwMDAsImRlbGV0ZSI6MTIwMDAwMDAwMDAwMCwidXBkYXRlIjo2MDAwMDAwMDAwMDB9LCJzY2hlbWFfdmVyc2lvbiI6IjEifQ==",
          "dependencies": [
            "aws_key_pair.demo_key",
            "aws_security_group.demo_sg",
            "aws_subnet.demo_subnet",
            "aws_vpc.demonet"
          ]
        }
      ]
    },
    {
      "mode": "managed",
      "type": "aws_instance",
      "name": "demo-instance2",
      "provider": "provider.aws",
      "instances": [
        {
          "schema_version": 1,
          "attributes": {
            "ami": "ami-02f9ea74050d6f812",
            "arn": "arn:aws:ec2:eu-central-1:210416437462:instance/i-0bbafeaf9f0662e56",
            "associate_public_ip_address": true,
            "availability_zone": "eu-central-1b",
            "cpu_core_count": 1,
            "cpu_threads_per_core": 1,
            "credit_specification": [
              {
                "cpu_credits": "standard"
              }
            ],
            "disable_api_termination": false,
            "ebs_block_device": [],
            "ebs_optimized": false,
            "enclave_options": [
              {
                "enabled": false
              }
            ],
            "ephemeral_block_device": [],
            "get_password_data": false,
            "hibernation": false,
            "host_id": null,
            "iam_instance_profile": "",
            "id": "i-0bbafeaf9f0662e56",
            "instance_initiated_shutdown_behavior": null,
            "instance_state": "running",
            "instance_type": "t2.micro",
            "ipv6_address_count": 0,
            "ipv6_addresses": [],
            "key_name": "demo_key",
            "metadata_options": [
              {
                "http_endpoint": "enabled",
                "http_put_response_hop_limit": 1,
                "http_tokens": "optional"
              }
            ],
            "monitoring": false,
            "network_interface": [],
            "outpost_arn": "",
            "password_data": "",
            "placement_group": "",
            "primary_network_interface_id": "eni-09569f25655c28e43",
            "private_dns": "ip-172-31-23-64.eu-central-1.compute.internal",
            "private_ip": "172.31.23.64",
            "public_dns": "ec2-35-158-11-32.eu-central-1.compute.amazonaws.com",
            "public_ip": "35.158.11.32",
            "root_block_device": [
              {
                "delete_on_termination": true,
                "device_name": "/dev/xvda",
                "encrypted": false,
                "iops": 100,
                "kms_key_id": "",
                "tags": {},
                "throughput": 0,
                "volume_id": "vol-0e48a52bd7d21c7e2",
                "volume_size": 8,
                "volume_type": "gp2"
              }
            ],
            "secondary_private_ips": [],
            "security_groups": [],
            "source_dest_check": true,
            "subnet_id": "subnet-0678a9a856ce79c2e",
            "tags": {
              "description": "somedemos2",
              "name": "DemoInstance"
            },
            "tenancy": "default",
            "timeouts": null,
            "user_data": "2370a363d905de58e5660614a686dac0584be56a",
            "user_data_base64": null,
            "volume_tags": null,
            "vpc_security_group_ids": [
              "sg-098bf94663066d76f"
            ]
          },
          "private": "eyJlMmJmYjczMC1lY2FhLTExZTYtOGY4OC0zNDM2M2JjN2M0YzAiOnsiY3JlYXRlIjo2MDAwMDAwMDAwMDAsImRlbGV0ZSI6MTIwMDAwMDAwMDAwMCwidXBkYXRlIjo2MDAwMDAwMDAwMDB9LCJzY2hlbWFfdmVyc2lvbiI6IjEifQ==",
          "dependencies": [
            "aws_key_pair.demo_key",
            "aws_security_group.demo_sg",
            "aws_subnet.demo_subnet",
            "aws_vpc.demonet"
          ]
        }
      ]
    },
    {
      "mode": "managed",
      "type": "aws_internet_gateway",
      "name": "gt",
      "provider": "provider.aws",
      "instances": [
        {
          "schema_version": 0,
          "attributes": {
            "arn": "arn:aws:ec2:eu-central-1:210416437462:internet-gateway/igw-0b6ed84799958619c",
            "id": "igw-0b6ed84799958619c",
            "owner_id": "210416437462",
            "tags": null,
            "vpc_id": "vpc-0da875fe4afe0a0db"
          },
          "private": "bnVsbA==",
          "dependencies": [
            "aws_vpc.demonet"
          ]
        }
      ]
    },
    {
      "mode": "managed",
      "type": "aws_key_pair",
      "name": "demo_key",
      "provider": "provider.aws",
      "instances": [
        {
          "schema_version": 1,
          "attributes": {
            "arn": "arn:aws:ec2:eu-central-1:210416437462:key-pair/demo_key",
            "fingerprint": "27:57:0c:d8:e3:3f:b9:c8:ee:0f:66:f5:ef:44:9a:ab",
            "id": "demo_key",
            "key_name": "demo_key",
            "key_name_prefix": null,
            "key_pair_id": "key-0cdafbeb5227145d7",
            "public_key": "ssh-rsa AAAAB3NzaC1yc2EAAAADAQABAAABAQCkqqTEw+cdJsHYN3bJ2KeA+kMgTL5kbcJkqwEBG9SSbbkmbZPmF6A/F4IJMCqf4Cjt+M1SLcOI/3D38BQigfRh7q6krbrj0FPGc2jfatVoYU0UNM/y8u8hFLKPqGyUhrGlpIapuKT6BTHz9wQbDs/xtLf2nDQvIQIe0FRiWHdMblc2VkpumGWXGzMeVaq6tPFHEnauzzMA9S/BaBbxABViqu0qlFnSCRd49b6/HL7wlbdPxpDP3iRZIZKwRlaAsTlOKryxNU/XoBGNvHGlqR4uV2GkGj4N5qvRUYbGtS5KQMFQGB6+w6qsm4psmFasS1V+V9SLgm4F/9UrSb2/tHi/ demo_key",
            "tags": null
          },
          "private": "eyJzY2hlbWFfdmVyc2lvbiI6IjEifQ=="
        }
      ]
    },
    {
      "mode": "managed",
      "type": "aws_lb",
      "name": "LoadBalancer",
      "provider": "provider.aws",
      "instances": [
        {
          "schema_version": 0,
          "attributes": {
            "access_logs": [
              {
                "bucket": "",
                "enabled": false,
                "prefix": ""
              }
            ],
            "arn": "arn:aws:elasticloadbalancing:eu-central-1:210416437462:loadbalancer/app/LoadBalancer/e802feb8db3ca3ae",
            "arn_suffix": "app/LoadBalancer/e802feb8db3ca3ae",
            "customer_owned_ipv4_pool": "",
            "dns_name": "LoadBalancer-816147710.eu-central-1.elb.amazonaws.com",
            "drop_invalid_header_fields": false,
            "enable_cross_zone_load_balancing": null,
            "enable_deletion_protection": false,
            "enable_http2": true,
            "id": "arn:aws:elasticloadbalancing:eu-central-1:210416437462:loadbalancer/app/LoadBalancer/e802feb8db3ca3ae",
            "idle_timeout": 60,
            "internal": false,
            "ip_address_type": "ipv4",
            "load_balancer_type": "application",
            "name": "LoadBalancer",
            "name_prefix": null,
            "security_groups": [
              "sg-098bf94663066d76f"
            ],
            "subnet_mapping": [
              {
                "allocation_id": "",
                "ipv6_address": "",
                "outpost_id": "",
                "private_ipv4_address": "",
                "subnet_id": "subnet-0678a9a856ce79c2e"
              },
              {
                "allocation_id": "",
                "ipv6_address": "",
                "outpost_id": "",
                "private_ipv4_address": "",
                "subnet_id": "subnet-0b2d55a5492c4ad69"
              }
            ],
            "subnets": [
              "subnet-0678a9a856ce79c2e",
              "subnet-0b2d55a5492c4ad69"
            ],
            "tags": null,
            "timeouts": null,
            "vpc_id": "vpc-0da875fe4afe0a0db",
            "zone_id": "Z215JYRZR1TBD5"
          },
          "private": "eyJlMmJmYjczMC1lY2FhLTExZTYtOGY4OC0zNDM2M2JjN2M0YzAiOnsiY3JlYXRlIjo2MDAwMDAwMDAwMDAsImRlbGV0ZSI6NjAwMDAwMDAwMDAwLCJ1cGRhdGUiOjYwMDAwMDAwMDAwMH19",
          "dependencies": [
            "aws_security_group.demo_sg",
            "aws_subnet.demo_subnet",
            "aws_subnet.demo_subnet2",
            "aws_vpc.demonet"
          ]
        }
      ]
    },
    {
      "mode": "managed",
      "type": "aws_route_table",
      "name": "route",
      "provider": "provider.aws",
      "instances": [
        {
          "schema_version": 0,
          "attributes": {
            "id": "rtb-0dbd119f7500149ba",
            "owner_id": "210416437462",
            "propagating_vgws": [],
            "route": [
              {
                "cidr_block": "0.0.0.0/0",
                "egress_only_gateway_id": "",
                "gateway_id": "igw-0b6ed84799958619c",
                "instance_id": "",
                "ipv6_cidr_block": "",
                "local_gateway_id": "",
                "nat_gateway_id": "",
                "network_interface_id": "",
                "transit_gateway_id": "",
                "vpc_endpoint_id": "",
                "vpc_peering_connection_id": ""
              }
            ],
            "tags": null,
            "vpc_id": "vpc-0da875fe4afe0a0db"
          },
          "private": "bnVsbA==",
          "dependencies": [
            "aws_internet_gateway.gt",
            "aws_vpc.demonet"
          ]
        }
      ]
    },
    {
      "mode": "managed",
      "type": "aws_route_table_association",
      "name": "route_association",
      "provider": "provider.aws",
      "instances": [
        {
          "schema_version": 0,
          "attributes": {
            "gateway_id": null,
            "id": "rtbassoc-0cf17c351f3adaacb",
            "route_table_id": "rtb-0dbd119f7500149ba",
            "subnet_id": "subnet-0678a9a856ce79c2e"
          },
          "private": "bnVsbA==",
          "dependencies": [
            "aws_internet_gateway.gt",
            "aws_route_table.route",
            "aws_subnet.demo_subnet",
            "aws_vpc.demonet"
          ]
        }
      ]
    },
    {
      "mode": "managed",
      "type": "aws_route_table_association",
      "name": "route_association2",
      "provider": "provider.aws",
      "instances": [
        {
          "schema_version": 0,
          "attributes": {
            "gateway_id": null,
            "id": "rtbassoc-0b4b494b6049fcbce",
            "route_table_id": "rtb-0dbd119f7500149ba",
            "subnet_id": "subnet-0b2d55a5492c4ad69"
          },
          "private": "bnVsbA==",
          "dependencies": [
            "aws_internet_gateway.gt",
            "aws_route_table.route",
            "aws_subnet.demo_subnet2",
            "aws_vpc.demonet"
          ]
        }
      ]
    },
    {
      "mode": "managed",
      "type": "aws_security_group",
      "name": "demo_sg",
      "provider": "provider.aws",
      "instances": [
        {
          "schema_version": 1,
          "attributes": {
            "arn": "arn:aws:ec2:eu-central-1:210416437462:security-group/sg-098bf94663066d76f",
            "description": "Allow https inbound traffic",
            "egress": [
              {
                "cidr_blocks": [
                  "0.0.0.0/0"
                ],
                "description": "",
                "from_port": 0,
                "ipv6_cidr_blocks": [],
                "prefix_list_ids": [],
                "protocol": "-1",
                "security_groups": [],
                "self": false,
                "to_port": 0
              }
            ],
            "id": "sg-098bf94663066d76f",
            "ingress": [
              {
                "cidr_blocks": [
                  "0.0.0.0/0"
                ],
                "description": "",
                "from_port": 443,
                "ipv6_cidr_blocks": [],
                "prefix_list_ids": [],
                "protocol": "tcp",
                "security_groups": [],
                "self": false,
                "to_port": 443
              },
              {
                "cidr_blocks": [
                  "0.0.0.0/0"
                ],
                "description": "",
                "from_port": 80,
                "ipv6_cidr_blocks": [],
                "prefix_list_ids": [],
                "protocol": "tcp",
                "security_groups": [],
                "self": false,
                "to_port": 80
              },
              {
                "cidr_blocks": [
                  "62.87.30.66/32"
                ],
                "description": "",
                "from_port": 22,
                "ipv6_cidr_blocks": [],
                "prefix_list_ids": [],
                "protocol": "tcp",
                "security_groups": [],
                "self": false,
                "to_port": 22
              }
            ],
            "name": "allow_https",
            "name_prefix": "",
            "owner_id": "210416437462",
            "revoke_rules_on_delete": false,
            "tags": {
              "Name": "SG for allowing 443"
            },
            "timeouts": null,
            "vpc_id": "vpc-0da875fe4afe0a0db"
          },
          "private": "eyJlMmJmYjczMC1lY2FhLTExZTYtOGY4OC0zNDM2M2JjN2M0YzAiOnsiY3JlYXRlIjo2MDAwMDAwMDAwMDAsImRlbGV0ZSI6NjAwMDAwMDAwMDAwfSwic2NoZW1hX3ZlcnNpb24iOiIxIn0=",
          "dependencies": [
            "aws_vpc.demonet"
          ]
        }
      ]
    },
    {
      "mode": "managed",
      "type": "aws_subnet",
      "name": "demo_subnet",
      "provider": "provider.aws",
      "instances": [
        {
          "schema_version": 1,
          "attributes": {
            "arn": "arn:aws:ec2:eu-central-1:210416437462:subnet/subnet-0678a9a856ce79c2e",
            "assign_ipv6_address_on_creation": false,
            "availability_zone": "eu-central-1b",
            "availability_zone_id": "euc1-az3",
            "cidr_block": "172.31.16.0/20",
            "customer_owned_ipv4_pool": "",
            "id": "subnet-0678a9a856ce79c2e",
            "ipv6_cidr_block": "",
            "ipv6_cidr_block_association_id": "",
            "map_customer_owned_ip_on_launch": false,
            "map_public_ip_on_launch": true,
            "outpost_arn": "",
            "owner_id": "210416437462",
            "tags": null,
            "timeouts": null,
            "vpc_id": "vpc-0da875fe4afe0a0db"
          },
          "private": "eyJlMmJmYjczMC1lY2FhLTExZTYtOGY4OC0zNDM2M2JjN2M0YzAiOnsiY3JlYXRlIjo2MDAwMDAwMDAwMDAsImRlbGV0ZSI6MTIwMDAwMDAwMDAwMH0sInNjaGVtYV92ZXJzaW9uIjoiMSJ9",
          "dependencies": [
            "aws_vpc.demonet"
          ]
        }
      ]
    },
    {
      "mode": "managed",
      "type": "aws_subnet",
      "name": "demo_subnet2",
      "provider": "provider.aws",
      "instances": [
        {
          "schema_version": 1,
          "attributes": {
            "arn": "arn:aws:ec2:eu-central-1:210416437462:subnet/subnet-0b2d55a5492c4ad69",
            "assign_ipv6_address_on_creation": false,
            "availability_zone": "eu-central-1c",
            "availability_zone_id": "euc1-az1",
            "cidr_block": "172.31.8.0/24",
            "customer_owned_ipv4_pool": "",
            "id": "subnet-0b2d55a5492c4ad69",
            "ipv6_cidr_block": "",
            "ipv6_cidr_block_association_id": "",
            "map_customer_owned_ip_on_launch": false,
            "map_public_ip_on_launch": true,
            "outpost_arn": "",
            "owner_id": "210416437462",
            "tags": null,
            "timeouts": null,
            "vpc_id": "vpc-0da875fe4afe0a0db"
          },
          "private": "eyJlMmJmYjczMC1lY2FhLTExZTYtOGY4OC0zNDM2M2JjN2M0YzAiOnsiY3JlYXRlIjo2MDAwMDAwMDAwMDAsImRlbGV0ZSI6MTIwMDAwMDAwMDAwMH0sInNjaGVtYV92ZXJzaW9uIjoiMSJ9",
          "dependencies": [
            "aws_vpc.demonet"
          ]
        }
      ]
    },
    {
      "mode": "managed",
      "type": "aws_vpc",
      "name": "demonet",
      "provider": "provider.aws",
      "instances": [
        {
          "schema_version": 1,
          "attributes": {
            "arn": "arn:aws:ec2:eu-central-1:210416437462:vpc/vpc-0da875fe4afe0a0db",
            "assign_generated_ipv6_cidr_block": false,
            "cidr_block": "172.31.0.0/16",
            "default_network_acl_id": "acl-077de258a36504405",
            "default_route_table_id": "rtb-0df38f88297ebb531",
            "default_security_group_id": "sg-0f841600890a71ae6",
            "dhcp_options_id": "dopt-d17efebb",
            "enable_classiclink": null,
            "enable_classiclink_dns_support": null,
            "enable_dns_hostnames": true,
            "enable_dns_support": true,
            "id": "vpc-0da875fe4afe0a0db",
            "instance_tenancy": "default",
            "ipv6_association_id": "",
            "ipv6_cidr_block": "",
            "main_route_table_id": "rtb-0df38f88297ebb531",
            "owner_id": "210416437462",
            "tags": null
          },
          "private": "eyJzY2hlbWFfdmVyc2lvbiI6IjEifQ=="
        }
      ]
    }
  ]
}
